
Microsoft Visual Studio Solution File, Format Version 12.00
# Visual Studio Version 16
VisualStudioVersion = 16.0.29905.134
MinimumVisualStudioVersion = 10.0.40219.1
Project("{FAE04EC0-301F-11D3-BF4B-00C04F79EFBC}") = "Service.TodoActivity", "Service.TodoActivity\Service.TodoActivity.csproj", "{C71F0F24-ECA3-4D0D-AD25-B2E3C898F163}"
EndProject
Global
	GlobalSection(SolutionConfigurationPlatforms) = preSolution
		Debug|Any CPU = Debug|Any CPU
		Release|Any CPU = Release|Any CPU
	EndGlobalSection
	GlobalSection(ProjectConfigurationPlatforms) = postSolution
		{C71F0F24-ECA3-4D0D-AD25-B2E3C898F163}.Debug|Any CPU.ActiveCfg = Debug|Any CPU
		{C71F0F24-ECA3-4D0D-AD25-B2E3C898F163}.Debug|Any CPU.Build.0 = Debug|Any CPU
		{C71F0F24-ECA3-4D0D-AD25-B2E3C898F163}.Release|Any CPU.ActiveCfg = Release|Any CPU
		{C71F0F24-ECA3-4D0D-AD25-B2E3C898F163}.Release|Any CPU.Build.0 = Release|Any CPU
	EndGlobalSection
	GlobalSection(SolutionProperties) = preSolution
		HideSolutionNode = FALSE
	EndGlobalSection
	GlobalSection(ExtensibilityGlobals) = postSolution
		SolutionGuid = {AAE8AE1A-03A8-452A-99A1-5C38739BF1E5}
	EndGlobalSection
EndGlobal
